<?xml version="1.0" encoding="utf-8"?>
<Project ToolsVersion="4.0" xmlns="http://schemas.microsoft.com/developer/msbuild/2003">
  <ItemGroup>
    <Filter Include="include">
      <UniqueIdentifier>{a9ced704-20a8-47d3-bae6-84307339efaa}</UniqueIdentifier>
    </Filter>
    <Filter Include="src">
      <UniqueIdentifier>{1e1233ce-c3c7-4a04-9f57-afa3a45421ab}</UniqueIdentifier>
    </Filter>
  </ItemGroup>
  <ItemGroup>
    <ClCompile Include="..\src\dbmgr\db_mgr.cpp">
      <Filter>src</Filter>
    </ClCompile>
    <ClCompile Include="..\src\dbmgr\db_transaction_by_mysql.cpp">
      <Filter>src</Filter>
    </ClCompile>
    <ClCompile Include="..\src\dbmgr\group_bill_mgr_by_mysql.cpp">
      <Filter>src</Filter>
    </ClCompile>
    <ClCompile Include="..\src\dbmgr\owner_bill_mgr_by_mysql.cpp">
      <Filter>src</Filter>
    </ClCompile>
    <ClCompile Include="..\src\dbmgr\user_mgr_by_mysql.cpp">
      <Filter>src</Filter>
    </ClCompile>
  </ItemGroup>
  <ItemGroup>
    <ClInclude Include="..\include\dbmgr\bill_meta.h">
      <Filter>include</Filter>
    </ClInclude>
    <ClInclude Include="..\include\dbmgr\db_mgr.h">
      <Filter>include</Filter>
    </ClInclude>
    <ClInclude Include="..\include\dbmgr\db_transaction_by_mysql.h">
      <Filter>include</Filter>
    </ClInclude>
    <ClInclude Include="..\include\dbmgr\group_bill_mgr_by_mysql.h">
      <Filter>include</Filter>
    </ClInclude>
    <ClInclude Include="..\include\dbmgr\owner_bill_mgr_by_mysql.h">
      <Filter>include</Filter>
    </ClInclude>
    <ClInclude Include="..\include\dbmgr\user_mgr_by_mysql.h">
      <Filter>include</Filter>
    </ClInclude>
  </ItemGroup>
</Project>