<?xml version="1.0" encoding="utf-8"?>
<Project ToolsVersion="4.0" xmlns="http://schemas.microsoft.com/developer/msbuild/2003">
  <ItemGroup>
    <Filter Include="base">
      <UniqueIdentifier>{1de7b35e-540e-43d0-b211-27ebf3e44476}</UniqueIdentifier>
    </Filter>
  </ItemGroup>
  <ItemGroup>
    <ClInclude Include="..\include\util\uuid4.h">
      <Filter>base</Filter>
    </ClInclude>
    <ClInclude Include="..\include\util\ascii.h">
      <Filter>base</Filter>
    </ClInclude>
    <ClInclude Include="..\include\util\base_def.h">
      <Filter>base</Filter>
    </ClInclude>
    <ClInclude Include="..\include\util\code_util.h">
      <Filter>base</Filter>
    </ClInclude>
    <ClInclude Include="..\include\util\lock.h">
      <Filter>base</Filter>
    </ClInclude>
    <ClInclude Include="..\include\util\name_value_collection.h">
      <Filter>base</Filter>
    </ClInclude>
    <ClInclude Include="..\include\util\os_type.h">
      <Filter>base</Filter>
    </ClInclude>
    <ClInclude Include="..\include\util\scoped_lock.h">
      <Filter>base</Filter>
    </ClInclude>
    <ClInclude Include="..\include\util\singleton.h">
      <Filter>base</Filter>
    </ClInclude>
    <ClInclude Include="..\include\util\string_util.h">
      <Filter>base</Filter>
    </ClInclude>
    <ClInclude Include="..\include\util\error_code_mgr.h">
      <Filter>base</Filter>
    </ClInclude>
  </ItemGroup>
  <ItemGroup>
    <ClCompile Include="..\src\util\uuid4.cpp">
      <Filter>base</Filter>
    </ClCompile>
    <ClCompile Include="..\src\util\code_util.cpp">
      <Filter>base</Filter>
    </ClCompile>
    <ClCompile Include="..\src\util\lock.cpp">
      <Filter>base</Filter>
    </ClCompile>
    <ClCompile Include="..\src\util\name_value_collection.cpp">
      <Filter>base</Filter>
    </ClCompile>
    <ClCompile Include="..\src\util\ascii.cpp">
      <Filter>base</Filter>
    </ClCompile>
    <ClCompile Include="..\src\util\error_code_mgr.cpp">
      <Filter>base</Filter>
    </ClCompile>
  </ItemGroup>
</Project>